// !$*UTF8*$!
{
	archiveVersion = 1;
	classes = {
	};
	objectVersion = 50;
	objects = {

/* Begin PBXBuildFile section */
		2325976722608D78000551F7 /* AppDelegate.swift in Sources */ = {isa = PBXBuildFile; fileRef = 2325976622608D78000551F7 /* AppDelegate.swift */; };
		2325976922608D78000551F7 /* ViewController.swift in Sources */ = {isa = PBXBuildFile; fileRef = 2325976822608D78000551F7 /* ViewController.swift */; };
		2325976C22608D78000551F7 /* Main.storyboard in Resources */ = {isa = PBXBuildFile; fileRef = 2325976A22608D78000551F7 /* Main.storyboard */; };
		2325976E22608D78000551F7 /* Assets.xcassets in Resources */ = {isa = PBXBuildFile; fileRef = 2325976D22608D78000551F7 /* Assets.xcassets */; };
		2325977122608D78000551F7 /* LaunchScreen.storyboard in Resources */ = {isa = PBXBuildFile; fileRef = 2325976F22608D78000551F7 /* LaunchScreen.storyboard */; };
		23259779226091C7000551F7 /* ChatMessageCell.swift in Sources */ = {isa = PBXBuildFile; fileRef = 23259778226091C7000551F7 /* ChatMessageCell.swift */; };
		23A5FECF2266E041001A6100 /* ChatMessage.swift in Sources */ = {isa = PBXBuildFile; fileRef = 23A5FECE2266E041001A6100 /* ChatMessage.swift */; };
		23A5FED12266E16C001A6100 /* ChatMessageViewModel.swift in Sources */ = {isa = PBXBuildFile; fileRef = 23A5FED02266E16C001A6100 /* ChatMessageViewModel.swift */; };
		23AFBD4522670E5B00F1FA30 /* ViewOfHeaderInSection.swift in Sources */ = {isa = PBXBuildFile; fileRef = 23AFBD4422670E5B00F1FA30 /* ViewOfHeaderInSection.swift */; };
/* End PBXBuildFile section */

/* Begin PBXFileReference section */
		2325976322608D78000551F7 /* Message.app */ = {isa = PBXFileReference; explicitFileType = wrapper.application; includeInIndex = 0; path = Message.app; sourceTree = BUILT_PRODUCTS_DIR; };
		2325976622608D78000551F7 /* AppDelegate.swift */ = {isa = PBXFileReference; lastKnownFileType = sourcecode.swift; path = AppDelegate.swift; sourceTree = "<group>"; };
		2325976822608D78000551F7 /* ViewController.swift */ = {isa = PBXFileReference; lastKnownFileType = sourcecode.swift; path = ViewController.swift; sourceTree = "<group>"; };
		2325976B22608D78000551F7 /* Base */ = {isa = PBXFileReference; lastKnownFileType = file.storyboard; name = Base; path = Base.lproj/Main.storyboard; sourceTree = "<group>"; };
		2325976D22608D78000551F7 /* Assets.xcassets */ = {isa = PBXFileReference; lastKnownFileType = folder.assetcatalog; path = Assets.xcassets; sourceTree = "<group>"; };
		2325977022608D78000551F7 /* Base */ = {isa = PBXFileReference; lastKnownFileType = file.storyboard; name = Base; path = Base.lproj/LaunchScreen.storyboard; sourceTree = "<group>"; };
		2325977222608D78000551F7 /* Info.plist */ = {isa = PBXFileReference; lastKnownFileType = text.plist.xml; path = Info.plist; sourceTree = "<group>"; };
		23259778226091C7000551F7 /* ChatMessageCell.swift */ = {isa = PBXFileReference; lastKnownFileType = sourcecode.swift; path = ChatMessageCell.swift; sourceTree = "<group>"; };
		23A5FECE2266E041001A6100 /* ChatMessage.swift */ = {isa = PBXFileReference; lastKnownFileType = sourcecode.swift; path = ChatMessage.swift; sourceTree = "<group>"; };
		23A5FED02266E16C001A6100 /* ChatMessageViewModel.swift */ = {isa = PBXFileReference; lastKnownFileType = sourcecode.swift; path = ChatMessageViewModel.swift; sourceTree = "<group>"; };
		23AFBD4422670E5B00F1FA30 /* ViewOfHeaderInSection.swift */ = {isa = PBXFileReference; lastKnownFileType = sourcecode.swift; path = ViewOfHeaderInSection.swift; sourceTree = "<group>"; };
/* End PBXFileReference section */

/* Begin PBXFrameworksBuildPhase section */
		2325976022608D78000551F7 /* Frameworks */ = {
			isa = PBXFrameworksBuildPhase;
			buildActionMask = 2147483647;
			files = (
			);
			runOnlyForDeploymentPostprocessing = 0;
		};
/* End PBXFrameworksBuildPhase section */

/* Begin PBXGroup section */
		2325975A22608D78000551F7 = {
			isa = PBXGroup;
			children = (
				2325976522608D78000551F7 /* Message */,
				2325976422608D78000551F7 /* Products */,
			);
			sourceTree = "<group>";
		};
		2325976422608D78000551F7 /* Products */ = {
			isa = PBXGroup;
			children = (
				2325976322608D78000551F7 /* Message.app */,
			);
			name = Products;
			sourceTree = "<group>";
		};
		2325976522608D78000551F7 /* Message */ = {
			isa = PBXGroup;
			children = (
				23AFBD4322670E2F00F1FA30 /* View */,
				23A5FECD2266E018001A6100 /* Cells */,
				23A5FECC2266E008001A6100 /* Controller */,
				23A5FECB2266DFF9001A6100 /* ViewModels */,
				23A5FECA2266DFEB001A6100 /* Models */,
				2325976A22608D78000551F7 /* Main.storyboard */,
				2325976D22608D78000551F7 /* Assets.xcassets */,
				2325976F22608D78000551F7 /* LaunchScreen.storyboard */,
				2325977222608D78000551F7 /* Info.plist */,
			);
			path = Message;
			sourceTree = "<group>";
		};
		23A5FECA2266DFEB001A6100 /* Models */ = {
			isa = PBXGroup;
			children = (
				23A5FECE2266E041001A6100 /* ChatMessage.swift */,
			);
			path = Models;
			sourceTree = "<group>";
		};
		23A5FECB2266DFF9001A6100 /* ViewModels */ = {
			isa = PBXGroup;
			children = (
				23A5FED02266E16C001A6100 /* ChatMessageViewModel.swift */,
			);
			path = ViewModels;
			sourceTree = "<group>";
		};
		23A5FECC2266E008001A6100 /* Controller */ = {
			isa = PBXGroup;
			children = (
				2325976622608D78000551F7 /* AppDelegate.swift */,
				2325976822608D78000551F7 /* ViewController.swift */,
			);
			path = Controller;
			sourceTree = "<group>";
		};
		23A5FECD2266E018001A6100 /* Cells */ = {
			isa = PBXGroup;
			children = (
				23259778226091C7000551F7 /* ChatMessageCell.swift */,
			);
			path = Cells;
			sourceTree = "<group>";
		};
		23AFBD4322670E2F00F1FA30 /* View */ = {
			isa = PBXGroup;
			children = (
				23AFBD4422670E5B00F1FA30 /* ViewOfHeaderInSection.swift */,
			);
			path = View;
			sourceTree = "<group>";
		};
/* End PBXGroup section */

/* Begin PBXNativeTarget section */
		2325976222608D78000551F7 /* Message */ = {
			isa = PBXNativeTarget;
			buildConfigurationList = 2325977522608D78000551F7 /* Build configuration list for PBXNativeTarget "Message" */;
			buildPhases = (
				2325975F22608D78000551F7 /* Sources */,
				2325976022608D78000551F7 /* Frameworks */,
				2325976122608D78000551F7 /* Resources */,
			);
			buildRules = (
			);
			dependencies = (
			);
			name = Message;
			productName = Message;
			productReference = 2325976322608D78000551F7 /* Message.app */;
			productType = "com.apple.product-type.application";
		};
/* End PBXNativeTarget section */

/* Begin PBXProject section */
		2325975B22608D78000551F7 /* Project object */ = {
			isa = PBXProject;
			attributes = {
				LastSwiftUpdateCheck = 1000;
				LastUpgradeCheck = 1000;
				ORGANIZATIONNAME = win;
				TargetAttributes = {
					2325976222608D78000551F7 = {
						CreatedOnToolsVersion = 10.0;
					};
				};
			};
			buildConfigurationList = 2325975E22608D78000551F7 /* Build configuration list for PBXProject "Message" */;
			compatibilityVersion = "Xcode 9.3";
			developmentRegion = en;
			hasScannedForEncodings = 0;
			knownRegions = (
				en,
				Base,
			);
			mainGroup = 2325975A22608D78000551F7;
			productRefGroup = 2325976422608D78000551F7 /* Products */;
			projectDirPath = "";
			projectRoot = "";
			targets = (
				2325976222608D78000551F7 /* Message */,
			);
		};
/* End PBXProject section */

/* Begin PBXResourcesBuildPhase section */
		2325976122608D78000551F7 /* Resources */ = {
			isa = PBXResourcesBuildPhase;
			buildActionMask = 2147483647;
			files = (
				2325977122608D78000551F7 /* LaunchScreen.storyboard in Resources */,
				2325976E22608D78000551F7 /* Assets.xcassets in Resources */,
				2325976C22608D78000551F7 /* Main.storyboard in Resources */,
			);
			runOnlyForDeploymentPostprocessing = 0;
		};
/* End PBXResourcesBuildPhase section */

/* Begin PBXSourcesBuildPhase section */
		2325975F22608D78000551F7 /* Sources */ = {
			isa = PBXSourcesBuildPhase;
			buildActionMask = 2147483647;
			files = (
				23259779226091C7000551F7 /* ChatMessageCell.swift in Sources */,
				23A5FECF2266E041001A6100 /* ChatMessage.swift in Sources */,
				2325976922608D78000551F7 /* ViewController.swift in Sources */,
				23AFBD4522670E5B00F1FA30 /* ViewOfHeaderInSection.swift in Sources */,
				2325976722608D78000551F7 /* AppDelegate.swift in Sources */,
				23A5FED12266E16C001A6100 /* ChatMessageViewModel.swift in Sources */,
			);
			runOnlyForDeploymentPostprocessing = 0;
		};
/* End PBXSourcesBuildPhase section */

/* Begin PBXVariantGroup section */
		2325976A22608D78000551F7 /* Main.storyboard */ = {
			isa = PBXVariantGroup;
			children = (
				2325976B22608D78000551F7 /* Base */,
			);
			name = Main.storyboard;
			sourceTree = "<group>";
		};
		2325976F22608D78000551F7 /* LaunchScreen.storyboard */ = {
			isa = PBXVariantGroup;
			children = (
				2325977022608D78000551F7 /* Base */,
			);
			name = LaunchScreen.storyboard;
			sourceTree = "<group>";
		};
/* End PBXVariantGroup section */

/* Begin XCBuildConfiguration section */
		2325977322608D78000551F7 /* Debug */ = {
			isa = XCBuildConfiguration;
			buildSettings = {
				ALWAYS_SEARCH_USER_PATHS = NO;
				CLANG_ANALYZER_NONNULL = YES;
				CLANG_ANALYZER_NUMBER_OBJECT_CONVERSION = YES_AGGRESSIVE;
				CLANG_CXX_LANGUAGE_STANDARD = "gnu++14";
				CLANG_CXX_LIBRARY = "libc++";
				CLANG_ENABLE_MODULES = YES;
				CLANG_ENABLE_OBJC_ARC = YES;
				CLANG_ENABLE_OBJC_WEAK = YES;
				CLANG_WARN_BLOCK_CAPTURE_AUTORELEASING = YES;
				CLANG_WARN_BOOL_CONVERSION = YES;
				CLANG_WARN_COMMA = YES;
				CLANG_WARN_CONSTANT_CONVERSION = YES;
				CLANG_WARN_DEPRECATED_OBJC_IMPLEMENTATIONS = YES;
				CLANG_WARN_DIRECT_OBJC_ISA_USAGE = YES_ERROR;
				CLANG_WARN_DOCUMENTATION_COMMENTS = YES;
				CLANG_WARN_EMPTY_BODY = YES;
				CLANG_WARN_ENUM_CONVERSION = YES;
				CLANG_WARN_INFINITE_RECURSION = YES;
				CLANG_WARN_INT_CONVERSION = YES;
				CLANG_WARN_NON_LITERAL_NULL_CONVERSION = YES;
				CLANG_WARN_OBJC_IMPLICIT_RETAIN_SELF = YES;
				CLANG_WARN_OBJC_LITERAL_CONVERSION = YES;
				CLANG_WARN_OBJC_ROOT_CLASS = YES_ERROR;
				CLANG_WARN_RANGE_LOOP_ANALYSIS = YES;
				CLANG_WARN_STRICT_PROTOTYPES = YES;
				CLANG_WARN_SUSPICIOUS_MOVE = YES;
				CLANG_WARN_UNGUARDED_AVAILABILITY = YES_AGGRESSIVE;
				CLANG_WARN_UNREACHABLE_CODE = YES;
				CLANG_WARN__DUPLICATE_METHOD_MATCH = YES;
				CODE_SIGN_IDENTITY = "iPhone Developer";
				COPY_PHASE_STRIP = NO;
				DEBUG_INFORMATION_FORMAT = dwarf;
				ENABLE_STRICT_OBJC_MSGSEND = YES;
				ENABLE_TESTABILITY = YES;
				GCC_C_LANGUAGE_STANDARD = gnu11;
				GCC_DYNAMIC_NO_PIC = NO;
				GCC_NO_COMMON_BLOCKS = YES;
				GCC_OPTIMIZATION_LEVEL = 0;
				GCC_PREPROCESSOR_DEFINITIONS = (
					"DEBUG=1",
					"$(inherited)",
				);
				GCC_WARN_64_TO_32_BIT_CONVERSION = YES;
				GCC_WARN_ABOUT_RETURN_TYPE = YES_ERROR;
				GCC_WARN_UNDECLARED_SELECTOR = YES;
				GCC_WARN_UNINITIALIZED_AUTOS = YES_AGGRESSIVE;
				GCC_WARN_UNUSED_FUNCTION = YES;
				GCC_WARN_UNUSED_VARIABLE = YES;
				IPHONEOS_DEPLOYMENT_TARGET = 12.0;
				MTL_ENABLE_DEBUG_INFO = INCLUDE_SOURCE;
				MTL_FAST_MATH = YES;
				ONLY_ACTIVE_ARCH = YES;
				SDKROOT = iphoneos;
				SWIFT_ACTIVE_COMPILATION_CONDITIONS = DEBUG;
				SWIFT_OPTIMIZATION_LEVEL = "-Onone";
			};
			name = Debug;
		};
		2325977422608D78000551F7 /* Release */ = {
			isa = XCBuildConfiguration;
			buildSettings = {
				ALWAYS_SEARCH_USER_PATHS = NO;
				CLANG_ANALYZER_NONNULL = YES;
				CLANG_ANALYZER_NUMBER_OBJECT_CONVERSION = YES_AGGRESSIVE;
				CLANG_CXX_LANGUAGE_STANDARD = "gnu++14";
				CLANG_CXX_LIBRARY = "libc++";
				CLANG_ENABLE_MODULES = YES;
				CLANG_ENABLE_OBJC_ARC = YES;
				CLANG_ENABLE_OBJC_WEAK = YES;
				CLANG_WARN_BLOCK_CAPTURE_AUTORELEASING = YES;
				CLANG_WARN_BOOL_CONVERSION = YES;
				CLANG_WARN_COMMA = YES;
				CLANG_WARN_CONSTANT_CONVERSION = YES;
				CLANG_WARN_DEPRECATED_OBJC_IMPLEMENTATIONS = YES;
				CLANG_WARN_DIRECT_OBJC_ISA_USAGE = YES_ERROR;
				CLANG_WARN_DOCUMENTATION_COMMENTS = YES;
				CLANG_WARN_EMPTY_BODY = YES;
				CLANG_WARN_ENUM_CONVERSION = YES;
				CLANG_WARN_INFINITE_RECURSION = YES;
				CLANG_WARN_INT_CONVERSION = YES;
				CLANG_WARN_NON_LITERAL_NULL_CONVERSION = YES;
				CLANG_WARN_OBJC_IMPLICIT_RETAIN_SELF = YES;
				CLANG_WARN_OBJC_LITERAL_CONVERSION = YES;
				CLANG_WARN_OBJC_ROOT_CLASS = YES_ERROR;
				CLANG_WARN_RANGE_LOOP_ANALYSIS = YES;
				CLANG_WARN_STRICT_PROTOTYPES = YES;
				CLANG_WARN_SUSPICIOUS_MOVE = YES;
				CLANG_WARN_UNGUARDED_AVAILABILITY = YES_AGGRESSIVE;
				CLANG_WARN_UNREACHABLE_CODE = YES;
				CLANG_WARN__DUPLICATE_METHOD_MATCH = YES;
				CODE_SIGN_IDENTITY = "iPhone Developer";
				COPY_PHASE_STRIP = NO;
				DEBUG_INFORMATION_FORMAT = "dwarf-with-dsym";
				ENABLE_NS_ASSERTIONS = NO;
				ENABLE_STRICT_OBJC_MSGSEND = YES;
				GCC_C_LANGUAGE_STANDARD = gnu11;
				GCC_NO_COMMON_BLOCKS = YES;
				GCC_WARN_64_TO_32_BIT_CONVERSION = YES;
				GCC_WARN_ABOUT_RETURN_TYPE = YES_ERROR;
				GCC_WARN_UNDECLARED_SELECTOR = YES;
				GCC_WARN_UNINITIALIZED_AUTOS = YES_AGGRESSIVE;
				GCC_WARN_UNUSED_FUNCTION = YES;
				GCC_WARN_UNUSED_VARIABLE = YES;
				IPHONEOS_DEPLOYMENT_TARGET = 12.0;
				MTL_ENABLE_DEBUG_INFO = NO;
				MTL_FAST_MATH = YES;
				SDKROOT = iphoneos;
				SWIFT_COMPILATION_MODE = wholemodule;
				SWIFT_OPTIMIZATION_LEVEL = "-O";
				VALIDATE_PRODUCT = YES;
			};
			name = Release;
		};
		2325977622608D78000551F7 /* Debug */ = {
			isa = XCBuildConfiguration;
			buildSettings = {
				ASSETCATALOG_COMPILER_APPICON_NAME = AppIcon;
				CODE_SIGN_STYLE = Automatic;
				DEVELOPMENT_TEAM = BNSLJ8LFRL;
				INFOPLIST_FILE = Message/Info.plist;
				LD_RUNPATH_SEARCH_PATHS = (
					"$(inherited)",
					"@executable_path/Frameworks",
				);
				PRODUCT_BUNDLE_IDENTIFIER = com.Ant.Message;
				PRODUCT_NAME = "$(TARGET_NAME)";
				SWIFT_VERSION = 4.2;
				TARGETED_DEVICE_FAMILY = "1,2";
			};
			name = Debug;
		};
		2325977722608D78000551F7 /* Release */ = {
			isa = XCBuildConfiguration;
			buildSettings = {
				ASSETCATALOG_COMPILER_APPICON_NAME = AppIcon;
				CODE_SIGN_STYLE = Automatic;
				DEVELOPMENT_TEAM = BNSLJ8LFRL;
				INFOPLIST_FILE = Message/Info.plist;
				LD_RUNPATH_SEARCH_PATHS = (
					"$(inherited)",
					"@executable_path/Frameworks",
				);
				PRODUCT_BUNDLE_IDENTIFIER = com.Ant.Message;
				PRODUCT_NAME = "$(TARGET_NAME)";
				SWIFT_VERSION = 4.2;
				TARGETED_DEVICE_FAMILY = "1,2";
			};
			name = Release;
		};
/* End XCBuildConfiguration section */

/* Begin XCConfigurationList section */
		2325975E22608D78000551F7 /* Build configuration list for PBXProject "Message" */ = {
			isa = XCConfigurationList;
			buildConfigurations = (
				2325977322608D78000551F7 /* Debug */,
				2325977422608D78000551F7 /* Release */,
			);
			defaultConfigurationIsVisible = 0;
			defaultConfigurationName = Release;
		};
		2325977522608D78000551F7 /* Build configuration list for PBXNativeTarget "Message" */ = {
			isa = XCConfigurationList;
			buildConfigurations = (
				2325977622608D78000551F7 /* Debug */,
				2325977722608D78000551F7 /* Release */,
			);
			defaultConfigurationIsVisible = 0;
			defaultConfigurationName = Release;
		};
/* End XCConfigurationList section */
	};
	rootObject = 2325975B22608D78000551F7 /* Project object */;
}
